lockfileVersion: '9.0'

settings:
  autoInstallPeers: true
  excludeLinksFromLockfile: false

importers:

  .:
    devDependencies:
      '@types/node':
        specifier: ^20.14.2
        version: 20.14.2
      typescript:
        specifier: 5.5.0-beta
        version: 5.5.0-beta

packages:

  '@types/node@20.14.2':
    resolution: {integrity: sha512-xyu6WAMVwv6AKFLB+e/7ySZVr/0zLCzOa7rSpq6jNwpqOrUbcACDWC+53d4n2QHOnDou0fbIsg8wZu/sxrnI4Q==}

  typescript@5.5.0-beta:
    resolution: {integrity: sha512-FRg3e/aQg3olEG3ff8YjHOERsO4IM0m4qGrsE4UMvILaq4TdDZ6gQX4+2Rq9SjTpfSe/ebwiHcsjm/7FfWWQ6Q==}
    engines: {node: '>=14.17'}
    hasBin: true

  undici-types@5.26.5:
    resolution: {integrity: sha512-JlCMO+ehdEIKqlFxk6IfVoAUVmgz7cU7zD/h9XZ0qzeosSHmUJVOzSQvvYSYWXkFXC+IfLKSIffhv0sVZup6pA==}

snapshots:

  '@types/node@20.14.2':
    dependencies:
      undici-types: 5.26.5

  typescript@5.5.0-beta: {}

  undici-types@5.26.5: {}
